
Microsoft Visual Studio Solution File, Format Version 12.00
# Visual Studio Version 17
VisualStudioVersion = 17.11.35327.3
MinimumVisualStudioVersion = 10.0.40219.1
Project("{9A19103F-16F7-4668-BE54-9A1E7A4F7556}") = "Pet-project_audishop", "Pet-project_audidroch\Pet-project_audishop.csproj", "{BFB83E81-F112-492A-8025-5331CC0BABC4}"
EndProject
Global
	GlobalSection(SolutionConfigurationPlatforms) = preSolution
		Debug|Any CPU = Debug|Any CPU
		Release|Any CPU = Release|Any CPU
	EndGlobalSection
	GlobalSection(ProjectConfigurationPlatforms) = postSolution
		{BFB83E81-F112-492A-8025-5331CC0BABC4}.Debug|Any CPU.ActiveCfg = Debug|Any CPU
		{BFB83E81-F112-492A-8025-5331CC0BABC4}.Debug|Any CPU.Build.0 = Debug|Any CPU
		{BFB83E81-F112-492A-8025-5331CC0BABC4}.Release|Any CPU.ActiveCfg = Release|Any CPU
		{BFB83E81-F112-492A-8025-5331CC0BABC4}.Release|Any CPU.Build.0 = Release|Any CPU
	EndGlobalSection
	GlobalSection(SolutionProperties) = preSolution
		HideSolutionNode = FALSE
	EndGlobalSection
	GlobalSection(ExtensibilityGlobals) = postSolution
		SolutionGuid = {ECF880B7-7184-4211-A81B-FADF0CA16BA9}
	EndGlobalSection
EndGlobal
